<Solution>
  <Project Path="ApiGateway.Presentation/ApiGateway.Presentation.csproj" />
  <Project Path="C:/Users/HP/Desktop/Datalinks_Internship_Program/Software_Development/Backend/DotNET-CSharp/e-commerce-microservices-demo/eCommerce.SharedLibrary/eCommerce.SharedLibrary/eCommerce.SharedLibrary.csproj" />
</Solution>
